version = 1
revision = 3
requires-python = ">=3.12"

[[package]]
name = "gejo-core"
source = { editable = "." }
dependencies = [
    { name = "pystac" },
]

[package.metadata]
requires-dist = [{ name = "pystac", specifier = ">=1.14.3" }]

[[package]]
name = "pystac"
version = "1.14.3"
source = { registry = "https://pypi.org/simple" }
dependencies = [
    { name = "python-dateutil" },
]
sdist = { url = "https://files.pythonhosted.org/packages/31/e6/efbc20dbc94ad7ed18fe11a4208103a509384ffcccd9bdc27953b725e686/pystac-1.14.3.tar.gz", hash = "sha256:24f92d6f301371859aa0abc1bbe7b1523a603e1184a6d139ecb323967c2c9bb3", size = 164205, upload-time = "2026-01-09T12:38:42.456Z" }
wheels = [
    { url = "https://files.pythonhosted.org/packages/ad/b4/a9430e72bfc3c458e1fcf8363890994e483052ab052ed93912be4e5b32c8/pystac-1.14.3-py3-none-any.whl", hash = "sha256:2f60005f521d541fb801428307098f223c14697b3faf4d2f0209afb6a43f39e5", size = 208506, upload-time = "2026-01-09T12:38:40.721Z" },
]

[[package]]
name = "python-dateutil"
version = "2.9.0.post0"
source = { registry = "https://pypi.org/simple" }
dependencies = [
    { name = "six" },
]
sdist = { url = "https://files.pythonhosted.org/packages/66/c0/0c8b6ad9f17a802ee498c46e004a0eb49bc148f2fd230864601a86dcf6db/python-dateutil-2.9.0.post0.tar.gz", hash = "sha256:37dd54208da7e1cd875388217d5e00ebd4179249f90fb72437e91a35459a0ad3", size = 342432, upload-time = "2024-03-01T18:36:20.211Z" }
wheels = [
    { url = "https://files.pythonhosted.org/packages/ec/57/56b9bcc3c9c6a792fcbaf139543cee77261f3651ca9da0c93f5c1221264b/python_dateutil-2.9.0.post0-py2.py3-none-any.whl", hash = "sha256:a8b2bc7bffae282281c8140a97d3aa9c14da0b136dfe83f850eea9a5f7470427", size = 229892, upload-time = "2024-03-01T18:36:18.57Z" },
]

[[package]]
name = "six"
version = "1.17.0"
source = { registry = "https://pypi.org/simple" }
sdist = { url = "https://files.pythonhosted.org/packages/94/e7/b2c673351809dca68a0e064b6af791aa332cf192da575fd474ed7d6f16a2/six-1.17.0.tar.gz", hash = "sha256:ff70335d468e7eb6ec65b95b99d3a2836546063f63acc5171de367e834932a81", size = 34031, upload-time = "2024-12-04T17:35:28.174Z" }
wheels = [
    { url = "https://files.pythonhosted.org/packages/b7/ce/149a00dd41f10bc29e5921b496af8b574d8413afcd5e30dfa0ed46c2cc5e/six-1.17.0-py2.py3-none-any.whl", hash = "sha256:4721f391ed90541fddacab5acf947aa0d3dc7d27b2e1e8eda2be8970586c3274", size = 11050, upload-time = "2024-12-04T17:35:26.475Z" },
]
